
Microsoft Visual Studio Solution File, Format Version 12.00
# Visual Studio Version 17
VisualStudioVersion = 17.1.32228.430
MinimumVisualStudioVersion = 10.0.40219.1
Project("{8BC9CEB8-8B4A-11D0-8D11-00A0C91BC942}") = "XDAxis", "XDAxis.vcxproj", "{2E08A850-E023-4375-B989-6174096D63DA}"
EndProject
Global
	GlobalSection(SolutionConfigurationPlatforms) = preSolution
		Debug|x64 = Debug|x64
		Release|x64 = Release|x64
	EndGlobalSection
	GlobalSection(ProjectConfigurationPlatforms) = postSolution
		{2E08A850-E023-4375-B989-6174096D63DA}.Debug|x64.ActiveCfg = Debug|x64
		{2E08A850-E023-4375-B989-6174096D63DA}.Debug|x64.Build.0 = Debug|x64
		{2E08A850-E023-4375-B989-6174096D63DA}.Release|x64.ActiveCfg = Release|x64
		{2E08A850-E023-4375-B989-6174096D63DA}.Release|x64.Build.0 = Release|x64
	EndGlobalSection
	GlobalSection(SolutionProperties) = preSolution
		HideSolutionNode = FALSE
	EndGlobalSection
	GlobalSection(ExtensibilityGlobals) = postSolution
		SolutionGuid = {AC6E3F14-31D7-4179-8DBE-878397B73EEF}
	EndGlobalSection
EndGlobal
